
Microsoft Visual Studio Solution File, Format Version 12.00
Project("{FAE04EC0-301F-11D3-BF4B-00C04F79EFBC}") = "DoubleTransposition", "DoubleTransposition\DoubleTransposition.csproj", "{5113674C-7BA8-4D92-8130-CA573D579432}"
EndProject
Global
	GlobalSection(SolutionConfigurationPlatforms) = preSolution
		Debug|Any CPU = Debug|Any CPU
		Release|Any CPU = Release|Any CPU
	EndGlobalSection
	GlobalSection(ProjectConfigurationPlatforms) = postSolution
		{5113674C-7BA8-4D92-8130-CA573D579432}.Debug|Any CPU.ActiveCfg = Debug|Any CPU
		{5113674C-7BA8-4D92-8130-CA573D579432}.Debug|Any CPU.Build.0 = Debug|Any CPU
		{5113674C-7BA8-4D92-8130-CA573D579432}.Release|Any CPU.ActiveCfg = Release|Any CPU
		{5113674C-7BA8-4D92-8130-CA573D579432}.Release|Any CPU.Build.0 = Release|Any CPU
	EndGlobalSection
EndGlobal
